
Microsoft Visual Studio Solution File, Format Version 12.00
# Visual Studio Version 17
VisualStudioVersion = 17.3.32819.101
MinimumVisualStudioVersion = 10.0.40219.1
Project("{9A19103F-16F7-4668-BE54-9A1E7A4F7556}") = "JECTechTaskCore", "JECTechTaskCore\JECTechTaskCore.csproj", "{E4FEE8D9-D2E2-47E9-9977-35B92E14E7F9}"
EndProject
Project("{FAE04EC0-301F-11D3-BF4B-00C04F79EFBC}") = "JECTechTaskCore.Services", "JECTechTaskCore.Services\JECTechTaskCore.Services.csproj", "{4ED916D8-EB42-4268-8666-D224203C010B}"
EndProject
Project("{FAE04EC0-301F-11D3-BF4B-00C04F79EFBC}") = "JECTechTaskCore.Models", "JECTechTaskCore.Models\JECTechTaskCore.Models.csproj", "{FE30DB25-96ED-42AF-A098-EB6828B5058F}"
EndProject
Project("{FAE04EC0-301F-11D3-BF4B-00C04F79EFBC}") = "JECTechTaskCore.Interfaces", "JECTechTaskCore.Interfaces\JECTechTaskCore.Interfaces.csproj", "{D4028705-3136-477F-B03D-122F0C6ADD3A}"
EndProject
Global
	GlobalSection(SolutionConfigurationPlatforms) = preSolution
		Debug|Any CPU = Debug|Any CPU
		Release|Any CPU = Release|Any CPU
	EndGlobalSection
	GlobalSection(ProjectConfigurationPlatforms) = postSolution
		{E4FEE8D9-D2E2-47E9-9977-35B92E14E7F9}.Debug|Any CPU.ActiveCfg = Debug|Any CPU
		{E4FEE8D9-D2E2-47E9-9977-35B92E14E7F9}.Debug|Any CPU.Build.0 = Debug|Any CPU
		{E4FEE8D9-D2E2-47E9-9977-35B92E14E7F9}.Release|Any CPU.ActiveCfg = Release|Any CPU
		{E4FEE8D9-D2E2-47E9-9977-35B92E14E7F9}.Release|Any CPU.Build.0 = Release|Any CPU
		{4ED916D8-EB42-4268-8666-D224203C010B}.Debug|Any CPU.ActiveCfg = Debug|Any CPU
		{4ED916D8-EB42-4268-8666-D224203C010B}.Debug|Any CPU.Build.0 = Debug|Any CPU
		{4ED916D8-EB42-4268-8666-D224203C010B}.Release|Any CPU.ActiveCfg = Release|Any CPU
		{4ED916D8-EB42-4268-8666-D224203C010B}.Release|Any CPU.Build.0 = Release|Any CPU
		{FE30DB25-96ED-42AF-A098-EB6828B5058F}.Debug|Any CPU.ActiveCfg = Debug|Any CPU
		{FE30DB25-96ED-42AF-A098-EB6828B5058F}.Debug|Any CPU.Build.0 = Debug|Any CPU
		{FE30DB25-96ED-42AF-A098-EB6828B5058F}.Release|Any CPU.ActiveCfg = Release|Any CPU
		{FE30DB25-96ED-42AF-A098-EB6828B5058F}.Release|Any CPU.Build.0 = Release|Any CPU
		{D4028705-3136-477F-B03D-122F0C6ADD3A}.Debug|Any CPU.ActiveCfg = Debug|Any CPU
		{D4028705-3136-477F-B03D-122F0C6ADD3A}.Debug|Any CPU.Build.0 = Debug|Any CPU
		{D4028705-3136-477F-B03D-122F0C6ADD3A}.Release|Any CPU.ActiveCfg = Release|Any CPU
		{D4028705-3136-477F-B03D-122F0C6ADD3A}.Release|Any CPU.Build.0 = Release|Any CPU
	EndGlobalSection
	GlobalSection(SolutionProperties) = preSolution
		HideSolutionNode = FALSE
	EndGlobalSection
	GlobalSection(ExtensibilityGlobals) = postSolution
		SolutionGuid = {9F9032AE-1969-4A8C-897A-E0A51107C019}
	EndGlobalSection
EndGlobal
